
Microsoft Visual Studio Solution File, Format Version 12.00
Project("{FAE04EC0-301F-11D3-BF4B-00C04F79EFBC}") = "DonkeyKong2", "DonkeyKong2.csproj", "{00A2F4EA-A0A6-4195-AA4C-9DF6BE758AA9}"
EndProject
Global
	GlobalSection(SolutionConfigurationPlatforms) = preSolution
		Debug|Any CPU = Debug|Any CPU
		Release|Any CPU = Release|Any CPU
	EndGlobalSection
	GlobalSection(ProjectConfigurationPlatforms) = postSolution
		{00A2F4EA-A0A6-4195-AA4C-9DF6BE758AA9}.Debug|Any CPU.ActiveCfg = Debug|Any CPU
		{00A2F4EA-A0A6-4195-AA4C-9DF6BE758AA9}.Debug|Any CPU.Build.0 = Debug|Any CPU
		{00A2F4EA-A0A6-4195-AA4C-9DF6BE758AA9}.Release|Any CPU.ActiveCfg = Release|Any CPU
		{00A2F4EA-A0A6-4195-AA4C-9DF6BE758AA9}.Release|Any CPU.Build.0 = Release|Any CPU
	EndGlobalSection
EndGlobal
